
Microsoft Visual Studio Solution File, Format Version 12.00
# Visual Studio Version 17
VisualStudioVersion = 17.11.35222.181
MinimumVisualStudioVersion = 10.0.40219.1
Project("{FAE04EC0-301F-11D3-BF4B-00C04F79EFBC}") = "vespert", "vespert\vespert.csproj", "{F077B9F8-17EF-4A1D-B6C5-204B40BF8E86}"
EndProject
Project("{FAE04EC0-301F-11D3-BF4B-00C04F79EFBC}") = "UserTypes", "UserTypes\UserTypes.csproj", "{80004137-CE74-4AC5-BA69-6436588B8047}"
EndProject
Global
	GlobalSection(SolutionConfigurationPlatforms) = preSolution
		Debug|Any CPU = Debug|Any CPU
		Release|Any CPU = Release|Any CPU
	EndGlobalSection
	GlobalSection(ProjectConfigurationPlatforms) = postSolution
		{F077B9F8-17EF-4A1D-B6C5-204B40BF8E86}.Debug|Any CPU.ActiveCfg = Debug|Any CPU
		{F077B9F8-17EF-4A1D-B6C5-204B40BF8E86}.Debug|Any CPU.Build.0 = Debug|Any CPU
		{F077B9F8-17EF-4A1D-B6C5-204B40BF8E86}.Release|Any CPU.ActiveCfg = Release|Any CPU
		{F077B9F8-17EF-4A1D-B6C5-204B40BF8E86}.Release|Any CPU.Build.0 = Release|Any CPU
		{80004137-CE74-4AC5-BA69-6436588B8047}.Debug|Any CPU.ActiveCfg = Debug|Any CPU
		{80004137-CE74-4AC5-BA69-6436588B8047}.Debug|Any CPU.Build.0 = Debug|Any CPU
		{80004137-CE74-4AC5-BA69-6436588B8047}.Release|Any CPU.ActiveCfg = Release|Any CPU
		{80004137-CE74-4AC5-BA69-6436588B8047}.Release|Any CPU.Build.0 = Release|Any CPU
	EndGlobalSection
	GlobalSection(SolutionProperties) = preSolution
		HideSolutionNode = FALSE
	EndGlobalSection
	GlobalSection(ExtensibilityGlobals) = postSolution
		SolutionGuid = {22B02F9E-72DA-4823-91A8-0ABC1A9F6640}
	EndGlobalSection
EndGlobal
